// !$*UTF8*$!
{
	archiveVersion = 1;
	classes = {
	};
	objectVersion = 46;
	objects = {

/* Begin PBXBuildFile section */
		007044C71E1F887C006B4F32 /* XLogBridge.mm in Sources */ = {isa = PBXBuildFile; fileRef = 007044C61E1F887C006B4F32 /* XLogBridge.mm */; };
		007048C01E24C767006B4F32 /* LogHelper.mm in Sources */ = {isa = PBXBuildFile; fileRef = 007048BD1E24C767006B4F32 /* LogHelper.mm */; };
		007048C11E24C767006B4F32 /* LogUtil.m in Sources */ = {isa = PBXBuildFile; fileRef = 007048BF1E24C767006B4F32 /* LogUtil.m */; };
/* End PBXBuildFile section */

/* Begin PBXCopyFilesBuildPhase section */
		007046241E1F9A5D006B4F32 /* CopyFiles */ = {
			isa = PBXCopyFilesBuildPhase;
			buildActionMask = 2147483647;
			dstPath = "include/$(PRODUCT_NAME)";
			dstSubfolderSpec = 16;
			files = (
			);
			runOnlyForDeploymentPostprocessing = 0;
		};
/* End PBXCopyFilesBuildPhase section */

/* Begin PBXFileReference section */
		007044C11E1F887C006B4F32 /* libXLogForRN.a */ = {isa = PBXFileReference; explicitFileType = archive.ar; includeInIndex = 0; path = libXLogForRN.a; sourceTree = BUILT_PRODUCTS_DIR; };
		007044C41E1F887C006B4F32 /* XLogBridge.h */ = {isa = PBXFileReference; lastKnownFileType = sourcecode.c.h; path = XLogBridge.h; sourceTree = "<group>"; };
		007044C61E1F887C006B4F32 /* XLogBridge.mm */ = {isa = PBXFileReference; lastKnownFileType = sourcecode.cpp.objcpp; path = XLogBridge.mm; sourceTree = "<group>"; };
		007048741E1FBB9B006B4F32 /* mars.framework */ = {isa = PBXFileReference; lastKnownFileType = wrapper.framework; name = mars.framework; path = ../../../ios/MarsLib/mars.framework; sourceTree = "<group>"; };
		007048BC1E24C767006B4F32 /* LogHelper.h */ = {isa = PBXFileReference; fileEncoding = 4; lastKnownFileType = sourcecode.c.h; path = LogHelper.h; sourceTree = "<group>"; };
		007048BD1E24C767006B4F32 /* LogHelper.mm */ = {isa = PBXFileReference; fileEncoding = 4; lastKnownFileType = sourcecode.cpp.objcpp; path = LogHelper.mm; sourceTree = "<group>"; };
		007048BE1E24C767006B4F32 /* LogUtil.h */ = {isa = PBXFileReference; fileEncoding = 4; lastKnownFileType = sourcecode.c.h; path = LogUtil.h; sourceTree = "<group>"; };
		007048BF1E24C767006B4F32 /* LogUtil.m */ = {isa = PBXFileReference; fileEncoding = 4; lastKnownFileType = sourcecode.c.objc; path = LogUtil.m; sourceTree = "<group>"; };
/* End PBXFileReference section */

/* Begin PBXFrameworksBuildPhase section */
		007044BE1E1F887C006B4F32 /* Frameworks */ = {
			isa = PBXFrameworksBuildPhase;
			buildActionMask = 2147483647;
			files = (
			);
			runOnlyForDeploymentPostprocessing = 0;
		};
/* End PBXFrameworksBuildPhase section */

/* Begin PBXGroup section */
		007044B81E1F887C006B4F32 = {
			isa = PBXGroup;
			children = (
				007044C31E1F887C006B4F32 /* XLogForRN */,
				007044C21E1F887C006B4F32 /* Products */,
				007048731E1FBB9B006B4F32 /* Frameworks */,
			);
			sourceTree = "<group>";
		};
		007044C21E1F887C006B4F32 /* Products */ = {
			isa = PBXGroup;
			children = (
				007044C11E1F887C006B4F32 /* libXLogForRN.a */,
			);
			name = Products;
			sourceTree = "<group>";
		};
		007044C31E1F887C006B4F32 /* XLogForRN */ = {
			isa = PBXGroup;
			children = (
				007048BB1E24C767006B4F32 /* Util */,
				007044C41E1F887C006B4F32 /* XLogBridge.h */,
				007044C61E1F887C006B4F32 /* XLogBridge.mm */,
			);
			path = XLogForRN;
			sourceTree = "<group>";
		};
		007048731E1FBB9B006B4F32 /* Frameworks */ = {
			isa = PBXGroup;
			children = (
				007048741E1FBB9B006B4F32 /* mars.framework */,
			);
			name = Frameworks;
			sourceTree = "<group>";
		};
		007048BB1E24C767006B4F32 /* Util */ = {
			isa = PBXGroup;
			children = (
				007048BC1E24C767006B4F32 /* LogHelper.h */,
				007048BD1E24C767006B4F32 /* LogHelper.mm */,
				007048BE1E24C767006B4F32 /* LogUtil.h */,
				007048BF1E24C767006B4F32 /* LogUtil.m */,
			);
			path = Util;
			sourceTree = "<group>";
		};
/* End PBXGroup section */

/* Begin PBXNativeTarget section */
		007044C01E1F887C006B4F32 /* XLogForRN */ = {
			isa = PBXNativeTarget;
			buildConfigurationList = 007044CA1E1F887C006B4F32 /* Build configuration list for PBXNativeTarget "XLogForRN" */;
			buildPhases = (
				007044BD1E1F887C006B4F32 /* Sources */,
				007044BE1E1F887C006B4F32 /* Frameworks */,
				007046241E1F9A5D006B4F32 /* CopyFiles */,
			);
			buildRules = (
			);
			dependencies = (
			);
			name = XLogForRN;
			productName = XLogForRN;
			productReference = 007044C11E1F887C006B4F32 /* libXLogForRN.a */;
			productType = "com.apple.product-type.library.static";
		};
/* End PBXNativeTarget section */

/* Begin PBXProject section */
		007044B91E1F887C006B4F32 /* Project object */ = {
			isa = PBXProject;
			attributes = {
				LastUpgradeCheck = 0820;
				ORGANIZATIONNAME = EngsSH;
				TargetAttributes = {
					007044C01E1F887C006B4F32 = {
						CreatedOnToolsVersion = 8.2.1;
						ProvisioningStyle = Automatic;
					};
				};
			};
			buildConfigurationList = 007044BC1E1F887C006B4F32 /* Build configuration list for PBXProject "XLogForRN" */;
			compatibilityVersion = "Xcode 3.2";
			developmentRegion = English;
			hasScannedForEncodings = 0;
			knownRegions = (
				en,
			);
			mainGroup = 007044B81E1F887C006B4F32;
			productRefGroup = 007044C21E1F887C006B4F32 /* Products */;
			projectDirPath = "";
			projectRoot = "";
			targets = (
				007044C01E1F887C006B4F32 /* XLogForRN */,
			);
		};
/* End PBXProject section */

/* Begin PBXSourcesBuildPhase section */
		007044BD1E1F887C006B4F32 /* Sources */ = {
			isa = PBXSourcesBuildPhase;
			buildActionMask = 2147483647;
			files = (
				007048C01E24C767006B4F32 /* LogHelper.mm in Sources */,
				007044C71E1F887C006B4F32 /* XLogBridge.mm in Sources */,
				007048C11E24C767006B4F32 /* LogUtil.m in Sources */,
			);
			runOnlyForDeploymentPostprocessing = 0;
		};
/* End PBXSourcesBuildPhase section */

/* Begin XCBuildConfiguration section */
		007044C81E1F887C006B4F32 /* Debug */ = {
			isa = XCBuildConfiguration;
			buildSettings = {
				ALWAYS_SEARCH_USER_PATHS = NO;
				CLANG_CXX_LANGUAGE_STANDARD = "gnu++0x";
				CLANG_CXX_LIBRARY = "libc++";
				CLANG_ENABLE_MODULES = YES;
				CLANG_ENABLE_OBJC_ARC = YES;
				CLANG_WARN_BOOL_CONVERSION = YES;
				CLANG_WARN_CONSTANT_CONVERSION = YES;
				CLANG_WARN_DIRECT_OBJC_ISA_USAGE = YES_ERROR;
				CLANG_WARN_DOCUMENTATION_COMMENTS = YES;
				CLANG_WARN_EMPTY_BODY = YES;
				CLANG_WARN_ENUM_CONVERSION = YES;
				CLANG_WARN_INFINITE_RECURSION = YES;
				CLANG_WARN_INT_CONVERSION = YES;
				CLANG_WARN_OBJC_ROOT_CLASS = YES_ERROR;
				CLANG_WARN_SUSPICIOUS_MOVE = YES;
				CLANG_WARN_UNREACHABLE_CODE = YES;
				CLANG_WARN__DUPLICATE_METHOD_MATCH = YES;
				COPY_PHASE_STRIP = NO;
				ENABLE_STRICT_OBJC_MSGSEND = YES;
				GCC_C_LANGUAGE_STANDARD = gnu99;
				GCC_DYNAMIC_NO_PIC = NO;
				GCC_OPTIMIZATION_LEVEL = 0;
				GCC_PREPROCESSOR_DEFINITIONS = (
					"DEBUG=1",
					"$(inherited)",
				);
				GCC_SYMBOLS_PRIVATE_EXTERN = NO;
				GCC_WARN_64_TO_32_BIT_CONVERSION = YES;
				GCC_WARN_ABOUT_RETURN_TYPE = YES_ERROR;
				GCC_WARN_UNDECLARED_SELECTOR = YES;
				GCC_WARN_UNINITIALIZED_AUTOS = YES_AGGRESSIVE;
				GCC_WARN_UNUSED_FUNCTION = YES;
				GCC_WARN_UNUSED_VARIABLE = YES;
				IPHONEOS_DEPLOYMENT_TARGET = 8.0;
				MTL_ENABLE_DEBUG_INFO = YES;
				ONLY_ACTIVE_ARCH = YES;
				SDKROOT = iphoneos;
				SKIP_INSTALL = YES;
			};
			name = Debug;
		};
		007044C91E1F887C006B4F32 /* Release */ = {
			isa = XCBuildConfiguration;
			buildSettings = {
				ALWAYS_SEARCH_USER_PATHS = NO;
				CLANG_CXX_LANGUAGE_STANDARD = "gnu++0x";
				CLANG_CXX_LIBRARY = "libc++";
				CLANG_ENABLE_MODULES = YES;
				CLANG_ENABLE_OBJC_ARC = YES;
				CLANG_WARN_BOOL_CONVERSION = YES;
				CLANG_WARN_CONSTANT_CONVERSION = YES;
				CLANG_WARN_DIRECT_OBJC_ISA_USAGE = YES_ERROR;
				CLANG_WARN_DOCUMENTATION_COMMENTS = YES;
				CLANG_WARN_EMPTY_BODY = YES;
				CLANG_WARN_ENUM_CONVERSION = YES;
				CLANG_WARN_INFINITE_RECURSION = YES;
				CLANG_WARN_INT_CONVERSION = YES;
				CLANG_WARN_OBJC_ROOT_CLASS = YES_ERROR;
				CLANG_WARN_SUSPICIOUS_MOVE = YES;
				CLANG_WARN_UNREACHABLE_CODE = YES;
				CLANG_WARN__DUPLICATE_METHOD_MATCH = YES;
				ENABLE_NS_ASSERTIONS = NO;
				ENABLE_STRICT_OBJC_MSGSEND = YES;
				GCC_C_LANGUAGE_STANDARD = gnu99;
				GCC_SYMBOLS_PRIVATE_EXTERN = NO;
				GCC_WARN_64_TO_32_BIT_CONVERSION = YES;
				GCC_WARN_ABOUT_RETURN_TYPE = YES_ERROR;
				GCC_WARN_UNDECLARED_SELECTOR = YES;
				GCC_WARN_UNINITIALIZED_AUTOS = YES_AGGRESSIVE;
				GCC_WARN_UNUSED_FUNCTION = YES;
				GCC_WARN_UNUSED_VARIABLE = YES;
				IPHONEOS_DEPLOYMENT_TARGET = 8.0;
				MTL_ENABLE_DEBUG_INFO = NO;
				SDKROOT = iphoneos;
				SKIP_INSTALL = YES;
				VALIDATE_PRODUCT = YES;
			};
			name = Release;
		};
		007044CB1E1F887C006B4F32 /* Debug */ = {
			isa = XCBuildConfiguration;
			buildSettings = {
				FRAMEWORK_SEARCH_PATHS = (
					"$(SRCROOT)/",
					"$(SRCROOT)/../../../ios/",
				);
				HEADER_SEARCH_PATHS = (
					"$(inherited)",
					/Applications/Xcode.app/Contents/Developer/Toolchains/XcodeDefault.xctoolchain/usr/include,
					"$(SRCROOT)/../../react-native/React/**",
					"$(SRCROOT)/../node_modules/react-native/React/**",
					"$(SRCROOT)/../../../ios/mars.framework/**",
					"$(SRCROOT)/mars.framework/**",
				);
				OTHER_LDFLAGS = "-ObjC";
				PRODUCT_NAME = "$(TARGET_NAME)";
			};
			name = Debug;
		};
		007044CC1E1F887C006B4F32 /* Release */ = {
			isa = XCBuildConfiguration;
			buildSettings = {
				FRAMEWORK_SEARCH_PATHS = (
					"$(SRCROOT)/",
					"$(SRCROOT)/../../../ios/",
				);
				HEADER_SEARCH_PATHS = (
					"$(inherited)",
					/Applications/Xcode.app/Contents/Developer/Toolchains/XcodeDefault.xctoolchain/usr/include,
					"$(SRCROOT)/../../react-native/React/**",
					"$(SRCROOT)/../node_modules/react-native/React/**",
					"$(SRCROOT)/../../../ios/mars.framework/**",
					"$(SRCROOT)/mars.framework/**",
				);
				OTHER_LDFLAGS = "-ObjC";
				PRODUCT_NAME = "$(TARGET_NAME)";
			};
			name = Release;
		};
/* End XCBuildConfiguration section */

/* Begin XCConfigurationList section */
		007044BC1E1F887C006B4F32 /* Build configuration list for PBXProject "XLogForRN" */ = {
			isa = XCConfigurationList;
			buildConfigurations = (
				007044C81E1F887C006B4F32 /* Debug */,
				007044C91E1F887C006B4F32 /* Release */,
			);
			defaultConfigurationIsVisible = 0;
			defaultConfigurationName = Release;
		};
		007044CA1E1F887C006B4F32 /* Build configuration list for PBXNativeTarget "XLogForRN" */ = {
			isa = XCConfigurationList;
			buildConfigurations = (
				007044CB1E1F887C006B4F32 /* Debug */,
				007044CC1E1F887C006B4F32 /* Release */,
			);
			defaultConfigurationIsVisible = 0;
			defaultConfigurationName = Release;
		};
/* End XCConfigurationList section */
	};
	rootObject = 007044B91E1F887C006B4F32 /* Project object */;
}
